
Microsoft Visual Studio Solution File, Format Version 12.00
# Visual Studio Version 16
VisualStudioVersion = 16.0.31205.134
MinimumVisualStudioVersion = 10.0.40219.1
Project("{FAE04EC0-301F-11D3-BF4B-00C04F79EFBC}") = "AppNovoCustoViagem.UWP", "AppNovoCustoViagem\AppNovoCustoViagem.UWP\AppNovoCustoViagem.UWP.csproj", "{8A25FDC5-61F9-468E-941A-C31D6F0A7D27}"
EndProject
Project("{FAE04EC0-301F-11D3-BF4B-00C04F79EFBC}") = "AppNovoCustoViagem.Android", "AppNovoCustoViagem\AppNovoCustoViagem.Android\AppNovoCustoViagem.Android.csproj", "{0D915315-42F8-4729-8024-E37B7128730E}"
EndProject
Project("{FAE04EC0-301F-11D3-BF4B-00C04F79EFBC}") = "AppNovoCustoViagem.iOS", "AppNovoCustoViagem\AppNovoCustoViagem.iOS\AppNovoCustoViagem.iOS.csproj", "{04BDE89F-BB5F-4A83-9E5C-5782AE861616}"
EndProject
Project("{FAE04EC0-301F-11D3-BF4B-00C04F79EFBC}") = "AppNovoCustoViagem", "AppNovoCustoViagem\AppNovoCustoViagem\AppNovoCustoViagem.csproj", "{96ABD0F2-1179-4803-9A10-8D732D85592E}"
EndProject
Global
	GlobalSection(SolutionConfigurationPlatforms) = preSolution
		Debug|Any CPU = Debug|Any CPU
		Debug|ARM = Debug|ARM
		Debug|iPhone = Debug|iPhone
		Debug|iPhoneSimulator = Debug|iPhoneSimulator
		Debug|x64 = Debug|x64
		Debug|x86 = Debug|x86
		Release|Any CPU = Release|Any CPU
		Release|ARM = Release|ARM
		Release|iPhone = Release|iPhone
		Release|iPhoneSimulator = Release|iPhoneSimulator
		Release|x64 = Release|x64
		Release|x86 = Release|x86
	EndGlobalSection
	GlobalSection(ProjectConfigurationPlatforms) = postSolution
		{8A25FDC5-61F9-468E-941A-C31D6F0A7D27}.Debug|Any CPU.ActiveCfg = Debug|x86
		{8A25FDC5-61F9-468E-941A-C31D6F0A7D27}.Debug|Any CPU.Build.0 = Debug|x86
		{8A25FDC5-61F9-468E-941A-C31D6F0A7D27}.Debug|Any CPU.Deploy.0 = Debug|x86
		{8A25FDC5-61F9-468E-941A-C31D6F0A7D27}.Debug|ARM.ActiveCfg = Debug|ARM
		{8A25FDC5-61F9-468E-941A-C31D6F0A7D27}.Debug|ARM.Build.0 = Debug|ARM
		{8A25FDC5-61F9-468E-941A-C31D6F0A7D27}.Debug|ARM.Deploy.0 = Debug|ARM
		{8A25FDC5-61F9-468E-941A-C31D6F0A7D27}.Debug|iPhone.ActiveCfg = Debug|x86
		{8A25FDC5-61F9-468E-941A-C31D6F0A7D27}.Debug|iPhone.Build.0 = Debug|x86
		{8A25FDC5-61F9-468E-941A-C31D6F0A7D27}.Debug|iPhone.Deploy.0 = Debug|x86
		{8A25FDC5-61F9-468E-941A-C31D6F0A7D27}.Debug|iPhoneSimulator.ActiveCfg = Debug|x86
		{8A25FDC5-61F9-468E-941A-C31D6F0A7D27}.Debug|iPhoneSimulator.Build.0 = Debug|x86
		{8A25FDC5-61F9-468E-941A-C31D6F0A7D27}.Debug|iPhoneSimulator.Deploy.0 = Debug|x86
		{8A25FDC5-61F9-468E-941A-C31D6F0A7D27}.Debug|x64.ActiveCfg = Debug|x64
		{8A25FDC5-61F9-468E-941A-C31D6F0A7D27}.Debug|x64.Build.0 = Debug|x64
		{8A25FDC5-61F9-468E-941A-C31D6F0A7D27}.Debug|x64.Deploy.0 = Debug|x64
		{8A25FDC5-61F9-468E-941A-C31D6F0A7D27}.Debug|x86.ActiveCfg = Debug|x86
		{8A25FDC5-61F9-468E-941A-C31D6F0A7D27}.Debug|x86.Build.0 = Debug|x86
		{8A25FDC5-61F9-468E-941A-C31D6F0A7D27}.Debug|x86.Deploy.0 = Debug|x86
		{8A25FDC5-61F9-468E-941A-C31D6F0A7D27}.Release|Any CPU.ActiveCfg = Release|x86
		{8A25FDC5-61F9-468E-941A-C31D6F0A7D27}.Release|Any CPU.Build.0 = Release|x86
		{8A25FDC5-61F9-468E-941A-C31D6F0A7D27}.Release|Any CPU.Deploy.0 = Release|x86
		{8A25FDC5-61F9-468E-941A-C31D6F0A7D27}.Release|ARM.ActiveCfg = Release|ARM
		{8A25FDC5-61F9-468E-941A-C31D6F0A7D27}.Release|ARM.Build.0 = Release|ARM
		{8A25FDC5-61F9-468E-941A-C31D6F0A7D27}.Release|ARM.Deploy.0 = Release|ARM
		{8A25FDC5-61F9-468E-941A-C31D6F0A7D27}.Release|iPhone.ActiveCfg = Release|x86
		{8A25FDC5-61F9-468E-941A-C31D6F0A7D27}.Release|iPhone.Build.0 = Release|x86
		{8A25FDC5-61F9-468E-941A-C31D6F0A7D27}.Release|iPhone.Deploy.0 = Release|x86
		{8A25FDC5-61F9-468E-941A-C31D6F0A7D27}.Release|iPhoneSimulator.ActiveCfg = Release|x86
		{8A25FDC5-61F9-468E-941A-C31D6F0A7D27}.Release|iPhoneSimulator.Build.0 = Release|x86
		{8A25FDC5-61F9-468E-941A-C31D6F0A7D27}.Release|iPhoneSimulator.Deploy.0 = Release|x86
		{8A25FDC5-61F9-468E-941A-C31D6F0A7D27}.Release|x64.ActiveCfg = Release|x64
		{8A25FDC5-61F9-468E-941A-C31D6F0A7D27}.Release|x64.Build.0 = Release|x64
		{8A25FDC5-61F9-468E-941A-C31D6F0A7D27}.Release|x64.Deploy.0 = Release|x64
		{8A25FDC5-61F9-468E-941A-C31D6F0A7D27}.Release|x86.ActiveCfg = Release|x86
		{8A25FDC5-61F9-468E-941A-C31D6F0A7D27}.Release|x86.Build.0 = Release|x86
		{8A25FDC5-61F9-468E-941A-C31D6F0A7D27}.Release|x86.Deploy.0 = Release|x86
		{0D915315-42F8-4729-8024-E37B7128730E}.Debug|Any CPU.ActiveCfg = Debug|Any CPU
		{0D915315-42F8-4729-8024-E37B7128730E}.Debug|Any CPU.Build.0 = Debug|Any CPU
		{0D915315-42F8-4729-8024-E37B7128730E}.Debug|Any CPU.Deploy.0 = Debug|Any CPU
		{0D915315-42F8-4729-8024-E37B7128730E}.Debug|ARM.ActiveCfg = Debug|Any CPU
		{0D915315-42F8-4729-8024-E37B7128730E}.Debug|ARM.Build.0 = Debug|Any CPU
		{0D915315-42F8-4729-8024-E37B7128730E}.Debug|ARM.Deploy.0 = Debug|Any CPU
		{0D915315-42F8-4729-8024-E37B7128730E}.Debug|iPhone.ActiveCfg = Debug|Any CPU
		{0D915315-42F8-4729-8024-E37B7128730E}.Debug|iPhone.Build.0 = Debug|Any CPU
		{0D915315-42F8-4729-8024-E37B7128730E}.Debug|iPhone.Deploy.0 = Debug|Any CPU
		{0D915315-42F8-4729-8024-E37B7128730E}.Debug|iPhoneSimulator.ActiveCfg = Debug|Any CPU
		{0D915315-42F8-4729-8024-E37B7128730E}.Debug|iPhoneSimulator.Build.0 = Debug|Any CPU
		{0D915315-42F8-4729-8024-E37B7128730E}.Debug|iPhoneSimulator.Deploy.0 = Debug|Any CPU
		{0D915315-42F8-4729-8024-E37B7128730E}.Debug|x64.ActiveCfg = Debug|Any CPU
		{0D915315-42F8-4729-8024-E37B7128730E}.Debug|x64.Build.0 = Debug|Any CPU
		{0D915315-42F8-4729-8024-E37B7128730E}.Debug|x64.Deploy.0 = Debug|Any CPU
		{0D915315-42F8-4729-8024-E37B7128730E}.Debug|x86.ActiveCfg = Debug|Any CPU
		{0D915315-42F8-4729-8024-E37B7128730E}.Debug|x86.Build.0 = Debug|Any CPU
		{0D915315-42F8-4729-8024-E37B7128730E}.Debug|x86.Deploy.0 = Debug|Any CPU
		{0D915315-42F8-4729-8024-E37B7128730E}.Release|Any CPU.ActiveCfg = Release|Any CPU
		{0D915315-42F8-4729-8024-E37B7128730E}.Release|Any CPU.Build.0 = Release|Any CPU
		{0D915315-42F8-4729-8024-E37B7128730E}.Release|Any CPU.Deploy.0 = Release|Any CPU
		{0D915315-42F8-4729-8024-E37B7128730E}.Release|ARM.ActiveCfg = Release|Any CPU
		{0D915315-42F8-4729-8024-E37B7128730E}.Release|ARM.Build.0 = Release|Any CPU
		{0D915315-42F8-4729-8024-E37B7128730E}.Release|ARM.Deploy.0 = Release|Any CPU
		{0D915315-42F8-4729-8024-E37B7128730E}.Release|iPhone.ActiveCfg = Release|Any CPU
		{0D915315-42F8-4729-8024-E37B7128730E}.Release|iPhone.Build.0 = Release|Any CPU
		{0D915315-42F8-4729-8024-E37B7128730E}.Release|iPhone.Deploy.0 = Release|Any CPU
		{0D915315-42F8-4729-8024-E37B7128730E}.Release|iPhoneSimulator.ActiveCfg = Release|Any CPU
		{0D915315-42F8-4729-8024-E37B7128730E}.Release|iPhoneSimulator.Build.0 = Release|Any CPU
		{0D915315-42F8-4729-8024-E37B7128730E}.Release|iPhoneSimulator.Deploy.0 = Release|Any CPU
		{0D915315-42F8-4729-8024-E37B7128730E}.Release|x64.ActiveCfg = Release|Any CPU
		{0D915315-42F8-4729-8024-E37B7128730E}.Release|x64.Build.0 = Release|Any CPU
		{0D915315-42F8-4729-8024-E37B7128730E}.Release|x64.Deploy.0 = Release|Any CPU
		{0D915315-42F8-4729-8024-E37B7128730E}.Release|x86.ActiveCfg = Release|Any CPU
		{0D915315-42F8-4729-8024-E37B7128730E}.Release|x86.Build.0 = Release|Any CPU
		{0D915315-42F8-4729-8024-E37B7128730E}.Release|x86.Deploy.0 = Release|Any CPU
		{04BDE89F-BB5F-4A83-9E5C-5782AE861616}.Debug|Any CPU.ActiveCfg = Debug|iPhoneSimulator
		{04BDE89F-BB5F-4A83-9E5C-5782AE861616}.Debug|Any CPU.Build.0 = Debug|iPhoneSimulator
		{04BDE89F-BB5F-4A83-9E5C-5782AE861616}.Debug|Any CPU.Deploy.0 = Debug|iPhoneSimulator
		{04BDE89F-BB5F-4A83-9E5C-5782AE861616}.Debug|ARM.ActiveCfg = Debug|iPhone
		{04BDE89F-BB5F-4A83-9E5C-5782AE861616}.Debug|ARM.Build.0 = Debug|iPhone
		{04BDE89F-BB5F-4A83-9E5C-5782AE861616}.Debug|ARM.Deploy.0 = Debug|iPhone
		{04BDE89F-BB5F-4A83-9E5C-5782AE861616}.Debug|iPhone.ActiveCfg = Debug|iPhone
		{04BDE89F-BB5F-4A83-9E5C-5782AE861616}.Debug|iPhone.Build.0 = Debug|iPhone
		{04BDE89F-BB5F-4A83-9E5C-5782AE861616}.Debug|iPhone.Deploy.0 = Debug|iPhone
		{04BDE89F-BB5F-4A83-9E5C-5782AE861616}.Debug|iPhoneSimulator.ActiveCfg = Debug|iPhoneSimulator
		{04BDE89F-BB5F-4A83-9E5C-5782AE861616}.Debug|iPhoneSimulator.Build.0 = Debug|iPhoneSimulator
		{04BDE89F-BB5F-4A83-9E5C-5782AE861616}.Debug|iPhoneSimulator.Deploy.0 = Debug|iPhoneSimulator
		{04BDE89F-BB5F-4A83-9E5C-5782AE861616}.Debug|x64.ActiveCfg = Debug|iPhoneSimulator
		{04BDE89F-BB5F-4A83-9E5C-5782AE861616}.Debug|x64.Build.0 = Debug|iPhoneSimulator
		{04BDE89F-BB5F-4A83-9E5C-5782AE861616}.Debug|x64.Deploy.0 = Debug|iPhoneSimulator
		{04BDE89F-BB5F-4A83-9E5C-5782AE861616}.Debug|x86.ActiveCfg = Debug|iPhoneSimulator
		{04BDE89F-BB5F-4A83-9E5C-5782AE861616}.Debug|x86.Build.0 = Debug|iPhoneSimulator
		{04BDE89F-BB5F-4A83-9E5C-5782AE861616}.Debug|x86.Deploy.0 = Debug|iPhoneSimulator
		{04BDE89F-BB5F-4A83-9E5C-5782AE861616}.Release|Any CPU.ActiveCfg = Release|iPhoneSimulator
		{04BDE89F-BB5F-4A83-9E5C-5782AE861616}.Release|Any CPU.Build.0 = Release|iPhoneSimulator
		{04BDE89F-BB5F-4A83-9E5C-5782AE861616}.Release|Any CPU.Deploy.0 = Release|iPhoneSimulator
		{04BDE89F-BB5F-4A83-9E5C-5782AE861616}.Release|ARM.ActiveCfg = Release|iPhoneSimulator
		{04BDE89F-BB5F-4A83-9E5C-5782AE861616}.Release|ARM.Build.0 = Release|iPhoneSimulator
		{04BDE89F-BB5F-4A83-9E5C-5782AE861616}.Release|ARM.Deploy.0 = Release|iPhoneSimulator
		{04BDE89F-BB5F-4A83-9E5C-5782AE861616}.Release|iPhone.ActiveCfg = Release|iPhone
		{04BDE89F-BB5F-4A83-9E5C-5782AE861616}.Release|iPhone.Build.0 = Release|iPhone
		{04BDE89F-BB5F-4A83-9E5C-5782AE861616}.Release|iPhone.Deploy.0 = Release|iPhone
		{04BDE89F-BB5F-4A83-9E5C-5782AE861616}.Release|iPhoneSimulator.ActiveCfg = Release|iPhoneSimulator
		{04BDE89F-BB5F-4A83-9E5C-5782AE861616}.Release|iPhoneSimulator.Build.0 = Release|iPhoneSimulator
		{04BDE89F-BB5F-4A83-9E5C-5782AE861616}.Release|iPhoneSimulator.Deploy.0 = Release|iPhoneSimulator
		{04BDE89F-BB5F-4A83-9E5C-5782AE861616}.Release|x64.ActiveCfg = Release|iPhoneSimulator
		{04BDE89F-BB5F-4A83-9E5C-5782AE861616}.Release|x64.Build.0 = Release|iPhoneSimulator
		{04BDE89F-BB5F-4A83-9E5C-5782AE861616}.Release|x64.Deploy.0 = Release|iPhoneSimulator
		{04BDE89F-BB5F-4A83-9E5C-5782AE861616}.Release|x86.ActiveCfg = Release|iPhoneSimulator
		{04BDE89F-BB5F-4A83-9E5C-5782AE861616}.Release|x86.Build.0 = Release|iPhoneSimulator
		{04BDE89F-BB5F-4A83-9E5C-5782AE861616}.Release|x86.Deploy.0 = Release|iPhoneSimulator
		{96ABD0F2-1179-4803-9A10-8D732D85592E}.Debug|Any CPU.ActiveCfg = Debug|Any CPU
		{96ABD0F2-1179-4803-9A10-8D732D85592E}.Debug|Any CPU.Build.0 = Debug|Any CPU
		{96ABD0F2-1179-4803-9A10-8D732D85592E}.Debug|Any CPU.Deploy.0 = Debug|Any CPU
		{96ABD0F2-1179-4803-9A10-8D732D85592E}.Debug|ARM.ActiveCfg = Debug|Any CPU
		{96ABD0F2-1179-4803-9A10-8D732D85592E}.Debug|ARM.Build.0 = Debug|Any CPU
		{96ABD0F2-1179-4803-9A10-8D732D85592E}.Debug|ARM.Deploy.0 = Debug|Any CPU
		{96ABD0F2-1179-4803-9A10-8D732D85592E}.Debug|iPhone.ActiveCfg = Debug|Any CPU
		{96ABD0F2-1179-4803-9A10-8D732D85592E}.Debug|iPhone.Build.0 = Debug|Any CPU
		{96ABD0F2-1179-4803-9A10-8D732D85592E}.Debug|iPhone.Deploy.0 = Debug|Any CPU
		{96ABD0F2-1179-4803-9A10-8D732D85592E}.Debug|iPhoneSimulator.ActiveCfg = Debug|Any CPU
		{96ABD0F2-1179-4803-9A10-8D732D85592E}.Debug|iPhoneSimulator.Build.0 = Debug|Any CPU
		{96ABD0F2-1179-4803-9A10-8D732D85592E}.Debug|iPhoneSimulator.Deploy.0 = Debug|Any CPU
		{96ABD0F2-1179-4803-9A10-8D732D85592E}.Debug|x64.ActiveCfg = Debug|Any CPU
		{96ABD0F2-1179-4803-9A10-8D732D85592E}.Debug|x64.Build.0 = Debug|Any CPU
		{96ABD0F2-1179-4803-9A10-8D732D85592E}.Debug|x64.Deploy.0 = Debug|Any CPU
		{96ABD0F2-1179-4803-9A10-8D732D85592E}.Debug|x86.ActiveCfg = Debug|Any CPU
		{96ABD0F2-1179-4803-9A10-8D732D85592E}.Debug|x86.Build.0 = Debug|Any CPU
		{96ABD0F2-1179-4803-9A10-8D732D85592E}.Debug|x86.Deploy.0 = Debug|Any CPU
		{96ABD0F2-1179-4803-9A10-8D732D85592E}.Release|Any CPU.ActiveCfg = Release|Any CPU
		{96ABD0F2-1179-4803-9A10-8D732D85592E}.Release|Any CPU.Build.0 = Release|Any CPU
		{96ABD0F2-1179-4803-9A10-8D732D85592E}.Release|Any CPU.Deploy.0 = Release|Any CPU
		{96ABD0F2-1179-4803-9A10-8D732D85592E}.Release|ARM.ActiveCfg = Release|Any CPU
		{96ABD0F2-1179-4803-9A10-8D732D85592E}.Release|ARM.Build.0 = Release|Any CPU
		{96ABD0F2-1179-4803-9A10-8D732D85592E}.Release|ARM.Deploy.0 = Release|Any CPU
		{96ABD0F2-1179-4803-9A10-8D732D85592E}.Release|iPhone.ActiveCfg = Release|Any CPU
		{96ABD0F2-1179-4803-9A10-8D732D85592E}.Release|iPhone.Build.0 = Release|Any CPU
		{96ABD0F2-1179-4803-9A10-8D732D85592E}.Release|iPhone.Deploy.0 = Release|Any CPU
		{96ABD0F2-1179-4803-9A10-8D732D85592E}.Release|iPhoneSimulator.ActiveCfg = Release|Any CPU
		{96ABD0F2-1179-4803-9A10-8D732D85592E}.Release|iPhoneSimulator.Build.0 = Release|Any CPU
		{96ABD0F2-1179-4803-9A10-8D732D85592E}.Release|iPhoneSimulator.Deploy.0 = Release|Any CPU
		{96ABD0F2-1179-4803-9A10-8D732D85592E}.Release|x64.ActiveCfg = Release|Any CPU
		{96ABD0F2-1179-4803-9A10-8D732D85592E}.Release|x64.Build.0 = Release|Any CPU
		{96ABD0F2-1179-4803-9A10-8D732D85592E}.Release|x64.Deploy.0 = Release|Any CPU
		{96ABD0F2-1179-4803-9A10-8D732D85592E}.Release|x86.ActiveCfg = Release|Any CPU
		{96ABD0F2-1179-4803-9A10-8D732D85592E}.Release|x86.Build.0 = Release|Any CPU
		{96ABD0F2-1179-4803-9A10-8D732D85592E}.Release|x86.Deploy.0 = Release|Any CPU
	EndGlobalSection
	GlobalSection(SolutionProperties) = preSolution
		HideSolutionNode = FALSE
	EndGlobalSection
	GlobalSection(ExtensibilityGlobals) = postSolution
		SolutionGuid = {DC3EA93A-F0CF-4863-832C-8ABDF61DDF00}
	EndGlobalSection
EndGlobal
